
Microsoft Visual Studio Solution File, Format Version 12.00
# Visual Studio 15
VisualStudioVersion = 15.0.28307.757
MinimumVisualStudioVersion = 10.0.40219.1
Project("{FAE04EC0-301F-11D3-BF4B-00C04F79EFBC}") = "APIexemploJWT", "APIexemploJWT\APIexemploJWT.csproj", "{7047CAE8-492A-4A00-A803-7EC0B738F146}"
EndProject
Global
	GlobalSection(SolutionConfigurationPlatforms) = preSolution
		Debug|Any CPU = Debug|Any CPU
		Release|Any CPU = Release|Any CPU
	EndGlobalSection
	GlobalSection(ProjectConfigurationPlatforms) = postSolution
		{7047CAE8-492A-4A00-A803-7EC0B738F146}.Debug|Any CPU.ActiveCfg = Debug|Any CPU
		{7047CAE8-492A-4A00-A803-7EC0B738F146}.Debug|Any CPU.Build.0 = Debug|Any CPU
		{7047CAE8-492A-4A00-A803-7EC0B738F146}.Release|Any CPU.ActiveCfg = Release|Any CPU
		{7047CAE8-492A-4A00-A803-7EC0B738F146}.Release|Any CPU.Build.0 = Release|Any CPU
	EndGlobalSection
	GlobalSection(SolutionProperties) = preSolution
		HideSolutionNode = FALSE
	EndGlobalSection
	GlobalSection(ExtensibilityGlobals) = postSolution
		SolutionGuid = {73F568F2-B48A-4EDF-83FE-5E8236E9D576}
	EndGlobalSection
EndGlobal
